
Microsoft Visual Studio Solution File, Format Version 12.00
# Visual Studio 14
VisualStudioVersion = 14.0.25420.1
MinimumVisualStudioVersion = 10.0.40219.1
Project("{FAE04EC0-301F-11D3-BF4B-00C04F79EFBC}") = "BettingHistory.Model", "BettingHistory.Model\BettingHistory.Model.csproj", "{48617D65-C99A-4230-A960-9C852E30A223}"
EndProject
Project("{FAE04EC0-301F-11D3-BF4B-00C04F79EFBC}") = "BettingHistory.Web", "BettingHistory.Web\BettingHistory.Web.csproj", "{05E7A2A4-0F9E-454C-A3E3-74613AB5EF18}"
EndProject
Global
	GlobalSection(SolutionConfigurationPlatforms) = preSolution
		Debug|Any CPU = Debug|Any CPU
		Release|Any CPU = Release|Any CPU
	EndGlobalSection
	GlobalSection(ProjectConfigurationPlatforms) = postSolution
		{48617D65-C99A-4230-A960-9C852E30A223}.Debug|Any CPU.ActiveCfg = Debug|Any CPU
		{48617D65-C99A-4230-A960-9C852E30A223}.Debug|Any CPU.Build.0 = Debug|Any CPU
		{48617D65-C99A-4230-A960-9C852E30A223}.Release|Any CPU.ActiveCfg = Release|Any CPU
		{48617D65-C99A-4230-A960-9C852E30A223}.Release|Any CPU.Build.0 = Release|Any CPU
		{05E7A2A4-0F9E-454C-A3E3-74613AB5EF18}.Debug|Any CPU.ActiveCfg = Debug|Any CPU
		{05E7A2A4-0F9E-454C-A3E3-74613AB5EF18}.Debug|Any CPU.Build.0 = Debug|Any CPU
		{05E7A2A4-0F9E-454C-A3E3-74613AB5EF18}.Release|Any CPU.ActiveCfg = Release|Any CPU
		{05E7A2A4-0F9E-454C-A3E3-74613AB5EF18}.Release|Any CPU.Build.0 = Release|Any CPU
	EndGlobalSection
	GlobalSection(SolutionProperties) = preSolution
		HideSolutionNode = FALSE
	EndGlobalSection
EndGlobal
